
Microsoft Visual Studio Solution File, Format Version 12.00
# Visual Studio Version 17
VisualStudioVersion = 17.0.32112.339
MinimumVisualStudioVersion = 10.0.40219.1
Project("{2150E333-8FDC-42A3-9474-1A3956D46DE8}") = "src", "src", "{E42C3B54-CAC4-4F6F-95DC-2C3F247BC6D2}"
EndProject
Project("{2150E333-8FDC-42A3-9474-1A3956D46DE8}") = "test", "test", "{AD46CADD-D211-4B30-B8A1-9014AAEC6FE8}"
EndProject
Project("{2150E333-8FDC-42A3-9474-1A3956D46DE8}") = "API", "API", "{FD97C7B3-77AE-4A70-8A10-75D21ACF4426}"
EndProject
Project("{2150E333-8FDC-42A3-9474-1A3956D46DE8}") = "Core", "Core", "{B3D39176-98C0-4141-8C1F-92377995B7F9}"
EndProject
Project("{2150E333-8FDC-42A3-9474-1A3956D46DE8}") = "Infrastructure", "Infrastructure", "{1E69B9EC-BA4C-463D-9C72-D764A8D66F49}"
EndProject
Project("{2150E333-8FDC-42A3-9474-1A3956D46DE8}") = "UI", "UI", "{98B3257B-B943-42CF-93A3-E56307DFBE6C}"
EndProject
Project("{9A19103F-16F7-4668-BE54-9A1E7A4F7556}") = "BudGET.Domain", "BudGET.Domain\BudGET.Domain.csproj", "{F7551475-4CA0-42B4-893F-B3997173BDD8}"
EndProject
Project("{9A19103F-16F7-4668-BE54-9A1E7A4F7556}") = "BudGET.Application", "BudGET.Application\BudGET.Application.csproj", "{787F4309-EBB4-4120-BEA0-8EB8E8885434}"
EndProject
Project("{9A19103F-16F7-4668-BE54-9A1E7A4F7556}") = "BudGET.Api", "BudGET.Api\BudGET.Api.csproj", "{6858F687-35ED-4C93-92A0-054677798AFC}"
	ProjectSection(ProjectDependencies) = postProject
		{787F4309-EBB4-4120-BEA0-8EB8E8885434} = {787F4309-EBB4-4120-BEA0-8EB8E8885434}
	EndProjectSection
EndProject
Project("{9A19103F-16F7-4668-BE54-9A1E7A4F7556}") = "BudGET.Persistence", "BudGET.Persistence\BudGET.Persistence.csproj", "{B1135ED9-40A8-4AA9-86BE-9EEC88AD3C69}"
EndProject
Project("{9A19103F-16F7-4668-BE54-9A1E7A4F7556}") = "BudGET.Api.IntegrationTests", "BudGET.Api.IntegrationTests\BudGET.Api.IntegrationTests.csproj", "{A80D7263-6AD2-4BFD-95FF-6354FA854E93}"
EndProject
Project("{9A19103F-16F7-4668-BE54-9A1E7A4F7556}") = "BudGET.Application.UnitTests", "BudGET.Application.UnitTests\BudGET.Application.UnitTests.csproj", "{438285C3-B7E9-4FEF-8EC7-E3FA8141FEDF}"
EndProject
Project("{9A19103F-16F7-4668-BE54-9A1E7A4F7556}") = "BudGET.Persistence.IntegrationTests", "BudGET.Persistence.IntegrationTests\BudGET.Persistence.IntegrationTests.csproj", "{E5E6A8C6-500A-4BB8-BAE6-E07830FAE323}"
EndProject
Project("{9A19103F-16F7-4668-BE54-9A1E7A4F7556}") = "BudGET.MobileApp", "BudGET.MobileApp\BudGET.MobileApp.csproj", "{C4304A41-3A6C-4BAC-9422-0E6017019A60}"
EndProject
Project("{2150E333-8FDC-42A3-9474-1A3956D46DE8}") = "docs", "docs", "{FA426C8C-38EC-4131-AD95-6C7AE9D7804F}"
EndProject
Project("{FAE04EC0-301F-11D3-BF4B-00C04F79EFBC}") = "ICEKERA.BudGET.Documentation", "ICEKERA.BudGET.Documentation\ICEKERA.BudGET.Documentation.csproj", "{C155AF72-BF11-4605-9D2C-A652EDBD419E}"
EndProject
Global
	GlobalSection(SolutionConfigurationPlatforms) = preSolution
		Debug|Any CPU = Debug|Any CPU
		Release|Any CPU = Release|Any CPU
	EndGlobalSection
	GlobalSection(ProjectConfigurationPlatforms) = postSolution
		{F7551475-4CA0-42B4-893F-B3997173BDD8}.Debug|Any CPU.ActiveCfg = Debug|Any CPU
		{F7551475-4CA0-42B4-893F-B3997173BDD8}.Debug|Any CPU.Build.0 = Debug|Any CPU
		{F7551475-4CA0-42B4-893F-B3997173BDD8}.Release|Any CPU.ActiveCfg = Release|Any CPU
		{F7551475-4CA0-42B4-893F-B3997173BDD8}.Release|Any CPU.Build.0 = Release|Any CPU
		{787F4309-EBB4-4120-BEA0-8EB8E8885434}.Debug|Any CPU.ActiveCfg = Debug|Any CPU
		{787F4309-EBB4-4120-BEA0-8EB8E8885434}.Debug|Any CPU.Build.0 = Debug|Any CPU
		{787F4309-EBB4-4120-BEA0-8EB8E8885434}.Release|Any CPU.ActiveCfg = Release|Any CPU
		{787F4309-EBB4-4120-BEA0-8EB8E8885434}.Release|Any CPU.Build.0 = Release|Any CPU
		{6858F687-35ED-4C93-92A0-054677798AFC}.Debug|Any CPU.ActiveCfg = Debug|Any CPU
		{6858F687-35ED-4C93-92A0-054677798AFC}.Debug|Any CPU.Build.0 = Debug|Any CPU
		{6858F687-35ED-4C93-92A0-054677798AFC}.Release|Any CPU.ActiveCfg = Release|Any CPU
		{6858F687-35ED-4C93-92A0-054677798AFC}.Release|Any CPU.Build.0 = Release|Any CPU
		{B1135ED9-40A8-4AA9-86BE-9EEC88AD3C69}.Debug|Any CPU.ActiveCfg = Debug|Any CPU
		{B1135ED9-40A8-4AA9-86BE-9EEC88AD3C69}.Debug|Any CPU.Build.0 = Debug|Any CPU
		{B1135ED9-40A8-4AA9-86BE-9EEC88AD3C69}.Release|Any CPU.ActiveCfg = Release|Any CPU
		{B1135ED9-40A8-4AA9-86BE-9EEC88AD3C69}.Release|Any CPU.Build.0 = Release|Any CPU
		{A80D7263-6AD2-4BFD-95FF-6354FA854E93}.Debug|Any CPU.ActiveCfg = Debug|Any CPU
		{A80D7263-6AD2-4BFD-95FF-6354FA854E93}.Debug|Any CPU.Build.0 = Debug|Any CPU
		{A80D7263-6AD2-4BFD-95FF-6354FA854E93}.Release|Any CPU.ActiveCfg = Release|Any CPU
		{A80D7263-6AD2-4BFD-95FF-6354FA854E93}.Release|Any CPU.Build.0 = Release|Any CPU
		{438285C3-B7E9-4FEF-8EC7-E3FA8141FEDF}.Debug|Any CPU.ActiveCfg = Debug|Any CPU
		{438285C3-B7E9-4FEF-8EC7-E3FA8141FEDF}.Debug|Any CPU.Build.0 = Debug|Any CPU
		{438285C3-B7E9-4FEF-8EC7-E3FA8141FEDF}.Release|Any CPU.ActiveCfg = Release|Any CPU
		{438285C3-B7E9-4FEF-8EC7-E3FA8141FEDF}.Release|Any CPU.Build.0 = Release|Any CPU
		{E5E6A8C6-500A-4BB8-BAE6-E07830FAE323}.Debug|Any CPU.ActiveCfg = Debug|Any CPU
		{E5E6A8C6-500A-4BB8-BAE6-E07830FAE323}.Debug|Any CPU.Build.0 = Debug|Any CPU
		{E5E6A8C6-500A-4BB8-BAE6-E07830FAE323}.Release|Any CPU.ActiveCfg = Release|Any CPU
		{E5E6A8C6-500A-4BB8-BAE6-E07830FAE323}.Release|Any CPU.Build.0 = Release|Any CPU
		{C4304A41-3A6C-4BAC-9422-0E6017019A60}.Debug|Any CPU.ActiveCfg = Debug|Any CPU
		{C4304A41-3A6C-4BAC-9422-0E6017019A60}.Debug|Any CPU.Build.0 = Debug|Any CPU
		{C4304A41-3A6C-4BAC-9422-0E6017019A60}.Debug|Any CPU.Deploy.0 = Debug|Any CPU
		{C4304A41-3A6C-4BAC-9422-0E6017019A60}.Release|Any CPU.ActiveCfg = Release|Any CPU
		{C4304A41-3A6C-4BAC-9422-0E6017019A60}.Release|Any CPU.Build.0 = Release|Any CPU
		{C4304A41-3A6C-4BAC-9422-0E6017019A60}.Release|Any CPU.Deploy.0 = Release|Any CPU
		{C155AF72-BF11-4605-9D2C-A652EDBD419E}.Debug|Any CPU.ActiveCfg = Debug|Any CPU
		{C155AF72-BF11-4605-9D2C-A652EDBD419E}.Debug|Any CPU.Build.0 = Debug|Any CPU
		{C155AF72-BF11-4605-9D2C-A652EDBD419E}.Release|Any CPU.ActiveCfg = Release|Any CPU
		{C155AF72-BF11-4605-9D2C-A652EDBD419E}.Release|Any CPU.Build.0 = Release|Any CPU
	EndGlobalSection
	GlobalSection(SolutionProperties) = preSolution
		HideSolutionNode = FALSE
	EndGlobalSection
	GlobalSection(NestedProjects) = preSolution
		{FD97C7B3-77AE-4A70-8A10-75D21ACF4426} = {E42C3B54-CAC4-4F6F-95DC-2C3F247BC6D2}
		{B3D39176-98C0-4141-8C1F-92377995B7F9} = {E42C3B54-CAC4-4F6F-95DC-2C3F247BC6D2}
		{1E69B9EC-BA4C-463D-9C72-D764A8D66F49} = {E42C3B54-CAC4-4F6F-95DC-2C3F247BC6D2}
		{98B3257B-B943-42CF-93A3-E56307DFBE6C} = {E42C3B54-CAC4-4F6F-95DC-2C3F247BC6D2}
		{F7551475-4CA0-42B4-893F-B3997173BDD8} = {B3D39176-98C0-4141-8C1F-92377995B7F9}
		{787F4309-EBB4-4120-BEA0-8EB8E8885434} = {B3D39176-98C0-4141-8C1F-92377995B7F9}
		{6858F687-35ED-4C93-92A0-054677798AFC} = {FD97C7B3-77AE-4A70-8A10-75D21ACF4426}
		{B1135ED9-40A8-4AA9-86BE-9EEC88AD3C69} = {1E69B9EC-BA4C-463D-9C72-D764A8D66F49}
		{A80D7263-6AD2-4BFD-95FF-6354FA854E93} = {AD46CADD-D211-4B30-B8A1-9014AAEC6FE8}
		{438285C3-B7E9-4FEF-8EC7-E3FA8141FEDF} = {AD46CADD-D211-4B30-B8A1-9014AAEC6FE8}
		{E5E6A8C6-500A-4BB8-BAE6-E07830FAE323} = {AD46CADD-D211-4B30-B8A1-9014AAEC6FE8}
		{C4304A41-3A6C-4BAC-9422-0E6017019A60} = {98B3257B-B943-42CF-93A3-E56307DFBE6C}
		{C155AF72-BF11-4605-9D2C-A652EDBD419E} = {FA426C8C-38EC-4131-AD95-6C7AE9D7804F}
	EndGlobalSection
	GlobalSection(ExtensibilityGlobals) = postSolution
		SolutionGuid = {BBE2FC7F-062E-4A70-BD47-F684DD7441A5}
	EndGlobalSection
EndGlobal
